<Solution>
  <Configurations>
    <Platform Name="Any CPU" />
    <Platform Name="x64" />
    <Platform Name="x86" />
  </Configurations>
  <Folder Name="/src/">
    <Project Path="src/APIGateway/APIGateway.csproj" />
  </Folder>
  <Folder Name="/src/BuildingBlocks/">
    <Project Path="src/BuildingBlocks/BuildingBlocks.Application/BuildingBlocks.Application.csproj" />
    <Project Path="src/BuildingBlocks/BuildingBlocks.Domain/BuildingBlocks.Domain.csproj" />
    <Project Path="src/BuildingBlocks/BuildingBlocks.EntityFramework/BuildingBlocks.EntityFramework.csproj" />
    <Project Path="src/BuildingBlocks/BuildingBlocks.Presentation/BuildingBlocks.Presentation.csproj" />
    <Project Path="src/BuildingBlocks/BuildingBlocks.RabbitMQ/BuildingBlocks.RabbitMQ.csproj" />
  </Folder>
  <Folder Name="/src/services/">
    <Project Path="src/services/Notification/Notification.csproj" />
  </Folder>
  <Folder Name="/src/services/IAM/">
    <Project Path="src/services/IAM/IAM.Api/IAM.Api.csproj" />
    <Project Path="src/services/IAM/IAM.Application/IAM.Application.csproj" />
    <Project Path="src/services/IAM/IAM.Domain/IAM.Domain.csproj" />
    <Project Path="src/services/IAM/IAM.Infrastructure/IAM.Infrastructure.csproj" />
  </Folder>
  <Folder Name="/src/services/Experience/">
    <Project Path="src/services/Experience/Experience.Api/Experience.Api.csproj" />
    <Project Path="src/services/Experience/Experience.Application/Experience.Application.csproj" />
    <Project Path="src/services/Experience/Experience.Domain/Experience.Domain.csproj" />
    <Project Path="src/services/Experience/Experience.Infrastructure/Experience.Infrastructure.csproj" />
  </Folder>
  <Folder Name="/src/services/User/">
    <Project Path="src/services/User/User.Api/User.Api.csproj" />
    <Project Path="src/services/User/User.Application/User.Application.csproj" />
    <Project Path="src/services/User/User.Domain/User.Domain.csproj" />
    <Project Path="src/services/User/User.Infrastructure/User.Infrastructure.csproj" />
  </Folder>
  <Folder Name="/src/services/Booking/">
    <Project Path="src/services/Booking/Booking.Api/Booking.Api.csproj" />
    <Project Path="src/services/Booking/Booking.Application/Booking.Application.csproj" />
    <Project Path="src/services/Booking/Booking.Domain/Booking.Domain.csproj" />
    <Project Path="src/services/Booking/Booking.Infrastructure/Booking.Infrastructure.csproj" />
  </Folder>
</Solution>
