
Microsoft Visual Studio Solution File, Format Version 12.00
# Visual Studio Version 17
VisualStudioVersion = 17.0.31903.59
MinimumVisualStudioVersion = 10.0.40219.1
Project("{2150E333-8FDC-42A3-9474-1A3956D46DE8}") = "src", "src", "{827E0CD3-B72D-47B6-A68D-7590B98EB39B}"
EndProject
Project("{2150E333-8FDC-42A3-9474-1A3956D46DE8}") = "Services", "Services", "{984BB9B3-3FA3-BE33-9484-CAC21695A33C}"
EndProject
Project("{2150E333-8FDC-42A3-9474-1A3956D46DE8}") = "IAM", "IAM", "{EC120B58-9687-18B1-BD2E-F86386B6F638}"
EndProject
Project("{FAE04EC0-301F-11D3-BF4B-00C04F79EFBC}") = "IAM.Domain", "src\Services\IAM\IAM.Domain\IAM.Domain.csproj", "{0B65E17D-DFA6-4FB2-A2DA-AE8A1C8FC471}"
EndProject
Project("{FAE04EC0-301F-11D3-BF4B-00C04F79EFBC}") = "IAM.Application", "src\Services\IAM\IAM.Application\IAM.Application.csproj", "{73FE5336-15BF-4791-A8CB-F4B3C891458B}"
EndProject
Project("{FAE04EC0-301F-11D3-BF4B-00C04F79EFBC}") = "IAM.Infrastructure", "src\Services\IAM\IAM.Infrastructure\IAM.Infrastructure.csproj", "{6CAEB11B-E5BC-437D-94B5-5DC9146E30F2}"
EndProject
Project("{FAE04EC0-301F-11D3-BF4B-00C04F79EFBC}") = "IAM.Api", "src\Services\IAM\IAM.Api\IAM.Api.csproj", "{402968B3-B95F-4FE2-9278-CCFAE6121B36}"
EndProject
Global
	GlobalSection(SolutionConfigurationPlatforms) = preSolution
		Debug|Any CPU = Debug|Any CPU
		Debug|x64 = Debug|x64
		Debug|x86 = Debug|x86
		Release|Any CPU = Release|Any CPU
		Release|x64 = Release|x64
		Release|x86 = Release|x86
	EndGlobalSection
	GlobalSection(ProjectConfigurationPlatforms) = postSolution
		{0B65E17D-DFA6-4FB2-A2DA-AE8A1C8FC471}.Debug|Any CPU.ActiveCfg = Debug|Any CPU
		{0B65E17D-DFA6-4FB2-A2DA-AE8A1C8FC471}.Debug|Any CPU.Build.0 = Debug|Any CPU
		{0B65E17D-DFA6-4FB2-A2DA-AE8A1C8FC471}.Debug|x64.ActiveCfg = Debug|Any CPU
		{0B65E17D-DFA6-4FB2-A2DA-AE8A1C8FC471}.Debug|x64.Build.0 = Debug|Any CPU
		{0B65E17D-DFA6-4FB2-A2DA-AE8A1C8FC471}.Debug|x86.ActiveCfg = Debug|Any CPU
		{0B65E17D-DFA6-4FB2-A2DA-AE8A1C8FC471}.Debug|x86.Build.0 = Debug|Any CPU
		{0B65E17D-DFA6-4FB2-A2DA-AE8A1C8FC471}.Release|Any CPU.ActiveCfg = Release|Any CPU
		{0B65E17D-DFA6-4FB2-A2DA-AE8A1C8FC471}.Release|Any CPU.Build.0 = Release|Any CPU
		{0B65E17D-DFA6-4FB2-A2DA-AE8A1C8FC471}.Release|x64.ActiveCfg = Release|Any CPU
		{0B65E17D-DFA6-4FB2-A2DA-AE8A1C8FC471}.Release|x64.Build.0 = Release|Any CPU
		{0B65E17D-DFA6-4FB2-A2DA-AE8A1C8FC471}.Release|x86.ActiveCfg = Release|Any CPU
		{0B65E17D-DFA6-4FB2-A2DA-AE8A1C8FC471}.Release|x86.Build.0 = Release|Any CPU
		{73FE5336-15BF-4791-A8CB-F4B3C891458B}.Debug|Any CPU.ActiveCfg = Debug|Any CPU
		{73FE5336-15BF-4791-A8CB-F4B3C891458B}.Debug|Any CPU.Build.0 = Debug|Any CPU
		{73FE5336-15BF-4791-A8CB-F4B3C891458B}.Debug|x64.ActiveCfg = Debug|Any CPU
		{73FE5336-15BF-4791-A8CB-F4B3C891458B}.Debug|x64.Build.0 = Debug|Any CPU
		{73FE5336-15BF-4791-A8CB-F4B3C891458B}.Debug|x86.ActiveCfg = Debug|Any CPU
		{73FE5336-15BF-4791-A8CB-F4B3C891458B}.Debug|x86.Build.0 = Debug|Any CPU
		{73FE5336-15BF-4791-A8CB-F4B3C891458B}.Release|Any CPU.ActiveCfg = Release|Any CPU
		{73FE5336-15BF-4791-A8CB-F4B3C891458B}.Release|Any CPU.Build.0 = Release|Any CPU
		{73FE5336-15BF-4791-A8CB-F4B3C891458B}.Release|x64.ActiveCfg = Release|Any CPU
		{73FE5336-15BF-4791-A8CB-F4B3C891458B}.Release|x64.Build.0 = Release|Any CPU
		{73FE5336-15BF-4791-A8CB-F4B3C891458B}.Release|x86.ActiveCfg = Release|Any CPU
		{73FE5336-15BF-4791-A8CB-F4B3C891458B}.Release|x86.Build.0 = Release|Any CPU
		{6CAEB11B-E5BC-437D-94B5-5DC9146E30F2}.Debug|Any CPU.ActiveCfg = Debug|Any CPU
		{6CAEB11B-E5BC-437D-94B5-5DC9146E30F2}.Debug|Any CPU.Build.0 = Debug|Any CPU
		{6CAEB11B-E5BC-437D-94B5-5DC9146E30F2}.Debug|x64.ActiveCfg = Debug|Any CPU
		{6CAEB11B-E5BC-437D-94B5-5DC9146E30F2}.Debug|x64.Build.0 = Debug|Any CPU
		{6CAEB11B-E5BC-437D-94B5-5DC9146E30F2}.Debug|x86.ActiveCfg = Debug|Any CPU
		{6CAEB11B-E5BC-437D-94B5-5DC9146E30F2}.Debug|x86.Build.0 = Debug|Any CPU
		{6CAEB11B-E5BC-437D-94B5-5DC9146E30F2}.Release|Any CPU.ActiveCfg = Release|Any CPU
		{6CAEB11B-E5BC-437D-94B5-5DC9146E30F2}.Release|Any CPU.Build.0 = Release|Any CPU
		{6CAEB11B-E5BC-437D-94B5-5DC9146E30F2}.Release|x64.ActiveCfg = Release|Any CPU
		{6CAEB11B-E5BC-437D-94B5-5DC9146E30F2}.Release|x64.Build.0 = Release|Any CPU
		{6CAEB11B-E5BC-437D-94B5-5DC9146E30F2}.Release|x86.ActiveCfg = Release|Any CPU
		{6CAEB11B-E5BC-437D-94B5-5DC9146E30F2}.Release|x86.Build.0 = Release|Any CPU
		{402968B3-B95F-4FE2-9278-CCFAE6121B36}.Debug|Any CPU.ActiveCfg = Debug|Any CPU
		{402968B3-B95F-4FE2-9278-CCFAE6121B36}.Debug|Any CPU.Build.0 = Debug|Any CPU
		{402968B3-B95F-4FE2-9278-CCFAE6121B36}.Debug|x64.ActiveCfg = Debug|Any CPU
		{402968B3-B95F-4FE2-9278-CCFAE6121B36}.Debug|x64.Build.0 = Debug|Any CPU
		{402968B3-B95F-4FE2-9278-CCFAE6121B36}.Debug|x86.ActiveCfg = Debug|Any CPU
		{402968B3-B95F-4FE2-9278-CCFAE6121B36}.Debug|x86.Build.0 = Debug|Any CPU
		{402968B3-B95F-4FE2-9278-CCFAE6121B36}.Release|Any CPU.ActiveCfg = Release|Any CPU
		{402968B3-B95F-4FE2-9278-CCFAE6121B36}.Release|Any CPU.Build.0 = Release|Any CPU
		{402968B3-B95F-4FE2-9278-CCFAE6121B36}.Release|x64.ActiveCfg = Release|Any CPU
		{402968B3-B95F-4FE2-9278-CCFAE6121B36}.Release|x64.Build.0 = Release|Any CPU
		{402968B3-B95F-4FE2-9278-CCFAE6121B36}.Release|x86.ActiveCfg = Release|Any CPU
		{402968B3-B95F-4FE2-9278-CCFAE6121B36}.Release|x86.Build.0 = Release|Any CPU
	EndGlobalSection
	GlobalSection(SolutionProperties) = preSolution
		HideSolutionNode = FALSE
	EndGlobalSection
	GlobalSection(NestedProjects) = preSolution
		{984BB9B3-3FA3-BE33-9484-CAC21695A33C} = {827E0CD3-B72D-47B6-A68D-7590B98EB39B}
		{EC120B58-9687-18B1-BD2E-F86386B6F638} = {984BB9B3-3FA3-BE33-9484-CAC21695A33C}
		{0B65E17D-DFA6-4FB2-A2DA-AE8A1C8FC471} = {EC120B58-9687-18B1-BD2E-F86386B6F638}
		{73FE5336-15BF-4791-A8CB-F4B3C891458B} = {EC120B58-9687-18B1-BD2E-F86386B6F638}
		{6CAEB11B-E5BC-437D-94B5-5DC9146E30F2} = {EC120B58-9687-18B1-BD2E-F86386B6F638}
		{402968B3-B95F-4FE2-9278-CCFAE6121B36} = {EC120B58-9687-18B1-BD2E-F86386B6F638}
	EndGlobalSection
EndGlobal
